{
  "name": "@mapsindoors/css",
  "version": "0.0.1",
  "lockfileVersion": 1,
  "requires": true,
  "dependencies": {
    "@mapsindoors/midt": {
      "version": "10.0.7",
      "resolved": "https://registry.npmjs.org/@mapsindoors/midt/-/midt-10.0.7.tgz",
      "integrity": "sha512-Q8cO+wgyZXdEuOBfwZE5UXaBmTMBN5OU1uLH3e36loCdyn/Cq1AFKTVceFnnFG0DYmIHkEscocD89ipK1ew+DA==",
      "dev": true
    }
  }
}
